
Microsoft Visual Studio Solution File, Format Version 12.00
# Visual Studio Version 16
VisualStudioVersion = 16.0.34931.43
MinimumVisualStudioVersion = 10.0.40219.1
Project("{FAE04EC0-301F-11D3-BF4B-00C04F79EFBC}") = "Day5Csharp", "Day5Csharp\Day5Csharp.csproj", "{A5E528E8-E44B-4FCD-8E6E-73B7CE50747C}"
EndProject
Global
	GlobalSection(SolutionConfigurationPlatforms) = preSolution
		Debug|Any CPU = Debug|Any CPU
		Release|Any CPU = Release|Any CPU
	EndGlobalSection
	GlobalSection(ProjectConfigurationPlatforms) = postSolution
		{A5E528E8-E44B-4FCD-8E6E-73B7CE50747C}.Debug|Any CPU.ActiveCfg = Debug|Any CPU
		{A5E528E8-E44B-4FCD-8E6E-73B7CE50747C}.Debug|Any CPU.Build.0 = Debug|Any CPU
		{A5E528E8-E44B-4FCD-8E6E-73B7CE50747C}.Release|Any CPU.ActiveCfg = Release|Any CPU
		{A5E528E8-E44B-4FCD-8E6E-73B7CE50747C}.Release|Any CPU.Build.0 = Release|Any CPU
	EndGlobalSection
	GlobalSection(SolutionProperties) = preSolution
		HideSolutionNode = FALSE
	EndGlobalSection
	GlobalSection(ExtensibilityGlobals) = postSolution
		SolutionGuid = {D89A0DC5-226B-44CF-AAE2-0F913B5FCCA6}
	EndGlobalSection
EndGlobal
