
Microsoft Visual Studio Solution File, Format Version 12.00
# Visual Studio Version 16
VisualStudioVersion = 16.0.34931.43
MinimumVisualStudioVersion = 10.0.40219.1
Project("{FAE04EC0-301F-11D3-BF4B-00C04F79EFBC}") = "AbstractFactoryPattern", "AbstractFactoryPattern\AbstractFactoryPattern.csproj", "{FABBC160-57EB-4D6B-AE09-433286D28206}"
EndProject
Project("{FAE04EC0-301F-11D3-BF4B-00C04F79EFBC}") = "AbstractFactoryPattern_2", "AbstractFactoryPattern_2\AbstractFactoryPattern_2.csproj", "{46F44754-E964-4B7C-B401-EE6A6172B95F}"
EndProject
Global
	GlobalSection(SolutionConfigurationPlatforms) = preSolution
		Debug|Any CPU = Debug|Any CPU
		Release|Any CPU = Release|Any CPU
	EndGlobalSection
	GlobalSection(ProjectConfigurationPlatforms) = postSolution
		{FABBC160-57EB-4D6B-AE09-433286D28206}.Debug|Any CPU.ActiveCfg = Debug|Any CPU
		{FABBC160-57EB-4D6B-AE09-433286D28206}.Debug|Any CPU.Build.0 = Debug|Any CPU
		{FABBC160-57EB-4D6B-AE09-433286D28206}.Release|Any CPU.ActiveCfg = Release|Any CPU
		{FABBC160-57EB-4D6B-AE09-433286D28206}.Release|Any CPU.Build.0 = Release|Any CPU
		{46F44754-E964-4B7C-B401-EE6A6172B95F}.Debug|Any CPU.ActiveCfg = Debug|Any CPU
		{46F44754-E964-4B7C-B401-EE6A6172B95F}.Debug|Any CPU.Build.0 = Debug|Any CPU
		{46F44754-E964-4B7C-B401-EE6A6172B95F}.Release|Any CPU.ActiveCfg = Release|Any CPU
		{46F44754-E964-4B7C-B401-EE6A6172B95F}.Release|Any CPU.Build.0 = Release|Any CPU
	EndGlobalSection
	GlobalSection(SolutionProperties) = preSolution
		HideSolutionNode = FALSE
	EndGlobalSection
	GlobalSection(ExtensibilityGlobals) = postSolution
		SolutionGuid = {DD6B4446-552B-43C8-927C-7274D005BC96}
	EndGlobalSection
EndGlobal
