
Microsoft Visual Studio Solution File, Format Version 12.00
# Visual Studio Version 16
VisualStudioVersion = 16.0.34931.43
MinimumVisualStudioVersion = 10.0.40219.1
Project("{FAE04EC0-301F-11D3-BF4B-00C04F79EFBC}") = "Layout_Prj", "Layout_Prj\Layout_Prj.csproj", "{E179A3F4-9574-4CF7-8DDE-F44FB90AEE31}"
EndProject
Global
	GlobalSection(SolutionConfigurationPlatforms) = preSolution
		Debug|Any CPU = Debug|Any CPU
		Release|Any CPU = Release|Any CPU
	EndGlobalSection
	GlobalSection(ProjectConfigurationPlatforms) = postSolution
		{E179A3F4-9574-4CF7-8DDE-F44FB90AEE31}.Debug|Any CPU.ActiveCfg = Debug|Any CPU
		{E179A3F4-9574-4CF7-8DDE-F44FB90AEE31}.Debug|Any CPU.Build.0 = Debug|Any CPU
		{E179A3F4-9574-4CF7-8DDE-F44FB90AEE31}.Release|Any CPU.ActiveCfg = Release|Any CPU
		{E179A3F4-9574-4CF7-8DDE-F44FB90AEE31}.Release|Any CPU.Build.0 = Release|Any CPU
	EndGlobalSection
	GlobalSection(SolutionProperties) = preSolution
		HideSolutionNode = FALSE
	EndGlobalSection
	GlobalSection(ExtensibilityGlobals) = postSolution
		SolutionGuid = {FDDDB7A9-8302-4B92-9852-5632B8109F7C}
	EndGlobalSection
EndGlobal
