
Microsoft Visual Studio Solution File, Format Version 12.00
# Visual Studio Version 16
VisualStudioVersion = 16.0.34931.43
MinimumVisualStudioVersion = 10.0.40219.1
Project("{FAE04EC0-301F-11D3-BF4B-00C04F79EFBC}") = "DI_Unity", "DI_Unity\DI_Unity.csproj", "{CE0AF6EA-5861-48D8-B118-FD39F3EBB8B8}"
EndProject
Global
	GlobalSection(SolutionConfigurationPlatforms) = preSolution
		Debug|Any CPU = Debug|Any CPU
		Release|Any CPU = Release|Any CPU
	EndGlobalSection
	GlobalSection(ProjectConfigurationPlatforms) = postSolution
		{CE0AF6EA-5861-48D8-B118-FD39F3EBB8B8}.Debug|Any CPU.ActiveCfg = Debug|Any CPU
		{CE0AF6EA-5861-48D8-B118-FD39F3EBB8B8}.Debug|Any CPU.Build.0 = Debug|Any CPU
		{CE0AF6EA-5861-48D8-B118-FD39F3EBB8B8}.Release|Any CPU.ActiveCfg = Release|Any CPU
		{CE0AF6EA-5861-48D8-B118-FD39F3EBB8B8}.Release|Any CPU.Build.0 = Release|Any CPU
	EndGlobalSection
	GlobalSection(SolutionProperties) = preSolution
		HideSolutionNode = FALSE
	EndGlobalSection
	GlobalSection(ExtensibilityGlobals) = postSolution
		SolutionGuid = {6700E35A-9F94-42F1-B27E-1A5EE95567E4}
	EndGlobalSection
EndGlobal
