
Microsoft Visual Studio Solution File, Format Version 12.00
# Visual Studio Version 16
VisualStudioVersion = 16.0.34931.43
MinimumVisualStudioVersion = 10.0.40219.1
Project("{FAE04EC0-301F-11D3-BF4B-00C04F79EFBC}") = "Caching_Prj", "Caching_Prj\Caching_Prj.csproj", "{330F59D9-53A2-4FD5-A7BC-35BF48ECB83D}"
EndProject
Global
	GlobalSection(SolutionConfigurationPlatforms) = preSolution
		Debug|Any CPU = Debug|Any CPU
		Release|Any CPU = Release|Any CPU
	EndGlobalSection
	GlobalSection(ProjectConfigurationPlatforms) = postSolution
		{330F59D9-53A2-4FD5-A7BC-35BF48ECB83D}.Debug|Any CPU.ActiveCfg = Debug|Any CPU
		{330F59D9-53A2-4FD5-A7BC-35BF48ECB83D}.Debug|Any CPU.Build.0 = Debug|Any CPU
		{330F59D9-53A2-4FD5-A7BC-35BF48ECB83D}.Release|Any CPU.ActiveCfg = Release|Any CPU
		{330F59D9-53A2-4FD5-A7BC-35BF48ECB83D}.Release|Any CPU.Build.0 = Release|Any CPU
	EndGlobalSection
	GlobalSection(SolutionProperties) = preSolution
		HideSolutionNode = FALSE
	EndGlobalSection
	GlobalSection(ExtensibilityGlobals) = postSolution
		SolutionGuid = {5FA69031-BF1F-4395-94D2-D77D21035C36}
	EndGlobalSection
EndGlobal
