
Microsoft Visual Studio Solution File, Format Version 12.00
# Visual Studio Version 16
VisualStudioVersion = 16.0.34931.43
MinimumVisualStudioVersion = 10.0.40219.1
Project("{FAE04EC0-301F-11D3-BF4B-00C04F79EFBC}") = "Day12Csharp_1", "Day12Csharp_1\Day12Csharp_1.csproj", "{199D6CBA-A840-4A92-B40A-E1D3C982586D}"
EndProject
Global
	GlobalSection(SolutionConfigurationPlatforms) = preSolution
		Debug|Any CPU = Debug|Any CPU
		Release|Any CPU = Release|Any CPU
	EndGlobalSection
	GlobalSection(ProjectConfigurationPlatforms) = postSolution
		{199D6CBA-A840-4A92-B40A-E1D3C982586D}.Debug|Any CPU.ActiveCfg = Debug|Any CPU
		{199D6CBA-A840-4A92-B40A-E1D3C982586D}.Debug|Any CPU.Build.0 = Debug|Any CPU
		{199D6CBA-A840-4A92-B40A-E1D3C982586D}.Release|Any CPU.ActiveCfg = Release|Any CPU
		{199D6CBA-A840-4A92-B40A-E1D3C982586D}.Release|Any CPU.Build.0 = Release|Any CPU
	EndGlobalSection
	GlobalSection(SolutionProperties) = preSolution
		HideSolutionNode = FALSE
	EndGlobalSection
	GlobalSection(ExtensibilityGlobals) = postSolution
		SolutionGuid = {D8DFB102-D3A5-4F54-8795-9D92475713B8}
	EndGlobalSection
EndGlobal
