
Microsoft Visual Studio Solution File, Format Version 12.00
# Visual Studio Version 16
VisualStudioVersion = 16.0.34931.43
MinimumVisualStudioVersion = 10.0.40219.1
Project("{FAE04EC0-301F-11D3-BF4B-00C04F79EFBC}") = "SecurityDefault_Prj", "SecurityDefault_Prj\SecurityDefault_Prj.csproj", "{03D9BD4F-9021-405F-A7C0-FB5146DD59C4}"
EndProject
Global
	GlobalSection(SolutionConfigurationPlatforms) = preSolution
		Debug|Any CPU = Debug|Any CPU
		Release|Any CPU = Release|Any CPU
	EndGlobalSection
	GlobalSection(ProjectConfigurationPlatforms) = postSolution
		{03D9BD4F-9021-405F-A7C0-FB5146DD59C4}.Debug|Any CPU.ActiveCfg = Debug|Any CPU
		{03D9BD4F-9021-405F-A7C0-FB5146DD59C4}.Debug|Any CPU.Build.0 = Debug|Any CPU
		{03D9BD4F-9021-405F-A7C0-FB5146DD59C4}.Release|Any CPU.ActiveCfg = Release|Any CPU
		{03D9BD4F-9021-405F-A7C0-FB5146DD59C4}.Release|Any CPU.Build.0 = Release|Any CPU
	EndGlobalSection
	GlobalSection(SolutionProperties) = preSolution
		HideSolutionNode = FALSE
	EndGlobalSection
	GlobalSection(ExtensibilityGlobals) = postSolution
		SolutionGuid = {DB2F7F0C-5985-4B15-9EEE-91C0A5AB6047}
	EndGlobalSection
EndGlobal
