
Microsoft Visual Studio Solution File, Format Version 12.00
# Visual Studio Version 16
VisualStudioVersion = 16.0.34931.43
MinimumVisualStudioVersion = 10.0.40219.1
Project("{FAE04EC0-301F-11D3-BF4B-00C04F79EFBC}") = "LinqToSql_SqlMetal", "LinqToSql_SqlMetal\LinqToSql_SqlMetal.csproj", "{0357D03E-DE97-405C-A995-9639C8387136}"
EndProject
Global
	GlobalSection(SolutionConfigurationPlatforms) = preSolution
		Debug|Any CPU = Debug|Any CPU
		Release|Any CPU = Release|Any CPU
	EndGlobalSection
	GlobalSection(ProjectConfigurationPlatforms) = postSolution
		{0357D03E-DE97-405C-A995-9639C8387136}.Debug|Any CPU.ActiveCfg = Debug|Any CPU
		{0357D03E-DE97-405C-A995-9639C8387136}.Debug|Any CPU.Build.0 = Debug|Any CPU
		{0357D03E-DE97-405C-A995-9639C8387136}.Release|Any CPU.ActiveCfg = Release|Any CPU
		{0357D03E-DE97-405C-A995-9639C8387136}.Release|Any CPU.Build.0 = Release|Any CPU
	EndGlobalSection
	GlobalSection(SolutionProperties) = preSolution
		HideSolutionNode = FALSE
	EndGlobalSection
	GlobalSection(ExtensibilityGlobals) = postSolution
		SolutionGuid = {4E1A741E-99C7-48C9-8015-9E267B1ABBEF}
	EndGlobalSection
EndGlobal
