
Microsoft Visual Studio Solution File, Format Version 12.00
# Visual Studio Version 17
VisualStudioVersion = 17.10.35013.160
MinimumVisualStudioVersion = 10.0.40219.1
Project("{FAE04EC0-301F-11D3-BF4B-00C04F79EFBC}") = "MSTest", "MSTest\MSTest.csproj", "{A9ABEC79-F8D8-4759-BD87-6BE730BA6F3B}"
EndProject
Global
	GlobalSection(SolutionConfigurationPlatforms) = preSolution
		Debug|Any CPU = Debug|Any CPU
		Release|Any CPU = Release|Any CPU
	EndGlobalSection
	GlobalSection(ProjectConfigurationPlatforms) = postSolution
		{A9ABEC79-F8D8-4759-BD87-6BE730BA6F3B}.Debug|Any CPU.ActiveCfg = Debug|Any CPU
		{A9ABEC79-F8D8-4759-BD87-6BE730BA6F3B}.Debug|Any CPU.Build.0 = Debug|Any CPU
		{A9ABEC79-F8D8-4759-BD87-6BE730BA6F3B}.Release|Any CPU.ActiveCfg = Release|Any CPU
		{A9ABEC79-F8D8-4759-BD87-6BE730BA6F3B}.Release|Any CPU.Build.0 = Release|Any CPU
	EndGlobalSection
	GlobalSection(SolutionProperties) = preSolution
		HideSolutionNode = FALSE
	EndGlobalSection
	GlobalSection(ExtensibilityGlobals) = postSolution
		SolutionGuid = {BC9A2583-DBD3-42B1-B1F7-6CA7B9AFBB2C}
	EndGlobalSection
EndGlobal
